// !$*UTF8*$!
{
	archiveVersion = 1;
	classes = {
	};
	objectVersion = 48;
	objects = {

/* Begin PBXBuildFile section */
		1623F02A1FF38F92006224D9 /* Admin.storyboard in Resources */ = {isa = PBXBuildFile; fileRef = 1623F0281FF38F92006224D9 /* Admin.storyboard */; };
		1623F02C1FF3937B006224D9 /* InputTextField.swift in Sources */ = {isa = PBXBuildFile; fileRef = 1623F02B1FF3937B006224D9 /* InputTextField.swift */; };
		16CA5CED1FF39E7000784A2A /* AdminViewController.swift in Sources */ = {isa = PBXBuildFile; fileRef = 16CA5CEC1FF39E7000784A2A /* AdminViewController.swift */; };
		16FAA3AA1FEF894A00696292 /* AppDelegate.swift in Sources */ = {isa = PBXBuildFile; fileRef = 16FAA3A91FEF894A00696292 /* AppDelegate.swift */; };
		16FAA3AF1FEF894A00696292 /* Main.storyboard in Resources */ = {isa = PBXBuildFile; fileRef = 16FAA3AD1FEF894A00696292 /* Main.storyboard */; };
		16FAA3B11FEF894A00696292 /* Assets.xcassets in Resources */ = {isa = PBXBuildFile; fileRef = 16FAA3B01FEF894A00696292 /* Assets.xcassets */; };
		16FAA3B41FEF894A00696292 /* LaunchScreen.storyboard in Resources */ = {isa = PBXBuildFile; fileRef = 16FAA3B21FEF894A00696292 /* LaunchScreen.storyboard */; };
		16FAA3C31FEF8FE100696292 /* UserCell.swift in Sources */ = {isa = PBXBuildFile; fileRef = 16FAA3C21FEF8FE100696292 /* UserCell.swift */; };
		16FAA3C61FEF8FFD00696292 /* User.storyboard in Resources */ = {isa = PBXBuildFile; fileRef = 16FAA3C41FEF8FFD00696292 /* User.storyboard */; };
		16FAA3C81FEF926F00696292 /* User.swift in Sources */ = {isa = PBXBuildFile; fileRef = 16FAA3C71FEF926F00696292 /* User.swift */; };
		16FAA3CA1FEF933C00696292 /* UsersListViewController.swift in Sources */ = {isa = PBXBuildFile; fileRef = 16FAA3C91FEF933C00696292 /* UsersListViewController.swift */; };
		16FAA3CC1FEF94E100696292 /* UserDataSource.swift in Sources */ = {isa = PBXBuildFile; fileRef = 16FAA3CB1FEF94E100696292 /* UserDataSource.swift */; };
		16FAA3CE1FEF9FBE00696292 /* AddUserViewController.swift in Sources */ = {isa = PBXBuildFile; fileRef = 16FAA3CD1FEF9FBE00696292 /* AddUserViewController.swift */; };
		16FAA3D11FEFA47300696292 /* Segue.swift in Sources */ = {isa = PBXBuildFile; fileRef = 16FAA3D01FEFA47300696292 /* Segue.swift */; };
		16FAA3D41FEFCD2200696292 /* ScanViewController.swift in Sources */ = {isa = PBXBuildFile; fileRef = 16FAA3D31FEFCD2200696292 /* ScanViewController.swift */; };
		16FAA3D71FEFD02400696292 /* Sales.storyboard in Resources */ = {isa = PBXBuildFile; fileRef = 16FAA3D51FEFD02400696292 /* Sales.storyboard */; };
		16FAA3D91FEFD40C00696292 /* SalesViewController.swift in Sources */ = {isa = PBXBuildFile; fileRef = 16FAA3D81FEFD40C00696292 /* SalesViewController.swift */; };
		16FAA3DC1FEFE05900696292 /* googleDataSource.swift in Sources */ = {isa = PBXBuildFile; fileRef = 16FAA3DB1FEFE05900696292 /* googleDataSource.swift */; };
		16FAA3DE1FEFE11C00696292 /* Books.swift in Sources */ = {isa = PBXBuildFile; fileRef = 16FAA3DD1FEFE11C00696292 /* Books.swift */; };
/* End PBXBuildFile section */

/* Begin PBXFileReference section */
		1623F0291FF38F92006224D9 /* Base */ = {isa = PBXFileReference; lastKnownFileType = file.storyboard; name = Base; path = iBooks/Storyboard/Base.lproj/Admin.storyboard; sourceTree = "<group>"; };
		1623F02B1FF3937B006224D9 /* InputTextField.swift */ = {isa = PBXFileReference; lastKnownFileType = sourcecode.swift; path = InputTextField.swift; sourceTree = "<group>"; };
		16CA5CEC1FF39E7000784A2A /* AdminViewController.swift */ = {isa = PBXFileReference; lastKnownFileType = sourcecode.swift; path = AdminViewController.swift; sourceTree = "<group>"; };
		16FAA3A61FEF894A00696292 /* iBooks.app */ = {isa = PBXFileReference; explicitFileType = wrapper.application; includeInIndex = 0; path = iBooks.app; sourceTree = BUILT_PRODUCTS_DIR; };
		16FAA3A91FEF894A00696292 /* AppDelegate.swift */ = {isa = PBXFileReference; lastKnownFileType = sourcecode.swift; path = AppDelegate.swift; sourceTree = "<group>"; };
		16FAA3AE1FEF894A00696292 /* Base */ = {isa = PBXFileReference; lastKnownFileType = file.storyboard; name = Base; path = Base.lproj/Main.storyboard; sourceTree = "<group>"; };
		16FAA3B01FEF894A00696292 /* Assets.xcassets */ = {isa = PBXFileReference; lastKnownFileType = folder.assetcatalog; path = Assets.xcassets; sourceTree = "<group>"; };
		16FAA3B31FEF894A00696292 /* Base */ = {isa = PBXFileReference; lastKnownFileType = file.storyboard; name = Base; path = Base.lproj/LaunchScreen.storyboard; sourceTree = "<group>"; };
		16FAA3B51FEF894A00696292 /* Info.plist */ = {isa = PBXFileReference; lastKnownFileType = text.plist.xml; path = Info.plist; sourceTree = "<group>"; };
		16FAA3C21FEF8FE100696292 /* UserCell.swift */ = {isa = PBXFileReference; lastKnownFileType = sourcecode.swift; path = UserCell.swift; sourceTree = "<group>"; };
		16FAA3C51FEF8FFD00696292 /* Base */ = {isa = PBXFileReference; lastKnownFileType = file.storyboard; name = Base; path = iBooks/Storyboard/Base.lproj/User.storyboard; sourceTree = "<group>"; };
		16FAA3C71FEF926F00696292 /* User.swift */ = {isa = PBXFileReference; lastKnownFileType = sourcecode.swift; path = User.swift; sourceTree = "<group>"; };
		16FAA3C91FEF933C00696292 /* UsersListViewController.swift */ = {isa = PBXFileReference; lastKnownFileType = sourcecode.swift; path = UsersListViewController.swift; sourceTree = "<group>"; };
		16FAA3CB1FEF94E100696292 /* UserDataSource.swift */ = {isa = PBXFileReference; lastKnownFileType = sourcecode.swift; path = UserDataSource.swift; sourceTree = "<group>"; };
		16FAA3CD1FEF9FBE00696292 /* AddUserViewController.swift */ = {isa = PBXFileReference; lastKnownFileType = sourcecode.swift; path = AddUserViewController.swift; sourceTree = "<group>"; };
		16FAA3D01FEFA47300696292 /* Segue.swift */ = {isa = PBXFileReference; lastKnownFileType = sourcecode.swift; path = Segue.swift; sourceTree = "<group>"; };
		16FAA3D31FEFCD2200696292 /* ScanViewController.swift */ = {isa = PBXFileReference; lastKnownFileType = sourcecode.swift; path = ScanViewController.swift; sourceTree = "<group>"; };
		16FAA3D61FEFD02400696292 /* Base */ = {isa = PBXFileReference; lastKnownFileType = file.storyboard; name = Base; path = iBooks/Storyboard/Base.lproj/Sales.storyboard; sourceTree = "<group>"; };
		16FAA3D81FEFD40C00696292 /* SalesViewController.swift */ = {isa = PBXFileReference; lastKnownFileType = sourcecode.swift; path = SalesViewController.swift; sourceTree = "<group>"; };
		16FAA3DB1FEFE05900696292 /* googleDataSource.swift */ = {isa = PBXFileReference; lastKnownFileType = sourcecode.swift; path = googleDataSource.swift; sourceTree = "<group>"; };
		16FAA3DD1FEFE11C00696292 /* Books.swift */ = {isa = PBXFileReference; lastKnownFileType = sourcecode.swift; path = Books.swift; sourceTree = "<group>"; };
/* End PBXFileReference section */

/* Begin PBXFrameworksBuildPhase section */
		16FAA3A31FEF894A00696292 /* Frameworks */ = {
			isa = PBXFrameworksBuildPhase;
			buildActionMask = 2147483647;
			files = (
			);
			runOnlyForDeploymentPostprocessing = 0;
		};
/* End PBXFrameworksBuildPhase section */

/* Begin PBXGroup section */
		16CA5CEA1FF39E4400784A2A /* View */ = {
			isa = PBXGroup;
			children = (
				1623F02B1FF3937B006224D9 /* InputTextField.swift */,
			);
			path = View;
			sourceTree = "<group>";
		};
		16CA5CEB1FF39E5200784A2A /* Controller */ = {
			isa = PBXGroup;
			children = (
				16CA5CEC1FF39E7000784A2A /* AdminViewController.swift */,
			);
			path = Controller;
			sourceTree = "<group>";
		};
		16FAA39D1FEF894A00696292 = {
			isa = PBXGroup;
			children = (
				16FAA3A81FEF894A00696292 /* iBooks */,
				16FAA3A71FEF894A00696292 /* Products */,
			);
			sourceTree = "<group>";
		};
		16FAA3A71FEF894A00696292 /* Products */ = {
			isa = PBXGroup;
			children = (
				16FAA3A61FEF894A00696292 /* iBooks.app */,
			);
			name = Products;
			sourceTree = "<group>";
		};
		16FAA3A81FEF894A00696292 /* iBooks */ = {
			isa = PBXGroup;
			children = (
				16FAA3DA1FEFE03000696292 /* API */,
				16FAA3CF1FEFA46700696292 /* Main */,
				16FAA3BE1FEF8B4600696292 /* Storyboard */,
				16FAA3BD1FEF8B3C00696292 /* Admin */,
				16FAA3BC1FEF8B3400696292 /* Sales */,
				16FAA3BB1FEF8B1C00696292 /* User */,
				16FAA3A91FEF894A00696292 /* AppDelegate.swift */,
				16FAA3B01FEF894A00696292 /* Assets.xcassets */,
				16FAA3B21FEF894A00696292 /* LaunchScreen.storyboard */,
				16FAA3B51FEF894A00696292 /* Info.plist */,
			);
			path = iBooks;
			sourceTree = "<group>";
		};
		16FAA3BB1FEF8B1C00696292 /* User */ = {
			isa = PBXGroup;
			children = (
				16FAA3C11FEF8FB700696292 /* Model */,
				16FAA3C01FEF8FB000696292 /* View */,
				16FAA3BF1FEF8FA300696292 /* Controller */,
			);
			path = User;
			sourceTree = "<group>";
		};
		16FAA3BC1FEF8B3400696292 /* Sales */ = {
			isa = PBXGroup;
			children = (
				16FAA3DF1FEFE11F00696292 /* Model */,
				16FAA3D21FEFCD0200696292 /* Controller */,
			);
			path = Sales;
			sourceTree = "<group>";
		};
		16FAA3BD1FEF8B3C00696292 /* Admin */ = {
			isa = PBXGroup;
			children = (
				16CA5CEB1FF39E5200784A2A /* Controller */,
				16CA5CEA1FF39E4400784A2A /* View */,
			);
			path = Admin;
			sourceTree = "<group>";
		};
		16FAA3BE1FEF8B4600696292 /* Storyboard */ = {
			isa = PBXGroup;
			children = (
				1623F0281FF38F92006224D9 /* Admin.storyboard */,
				16FAA3C41FEF8FFD00696292 /* User.storyboard */,
				16FAA3D51FEFD02400696292 /* Sales.storyboard */,
				16FAA3AD1FEF894A00696292 /* Main.storyboard */,
			);
			path = Storyboard;
			sourceTree = "<group>";
		};
		16FAA3BF1FEF8FA300696292 /* Controller */ = {
			isa = PBXGroup;
			children = (
				16FAA3C91FEF933C00696292 /* UsersListViewController.swift */,
				16FAA3CD1FEF9FBE00696292 /* AddUserViewController.swift */,
			);
			path = Controller;
			sourceTree = "<group>";
		};
		16FAA3C01FEF8FB000696292 /* View */ = {
			isa = PBXGroup;
			children = (
				16FAA3C21FEF8FE100696292 /* UserCell.swift */,
			);
			path = View;
			sourceTree = "<group>";
		};
		16FAA3C11FEF8FB700696292 /* Model */ = {
			isa = PBXGroup;
			children = (
				16FAA3C71FEF926F00696292 /* User.swift */,
				16FAA3CB1FEF94E100696292 /* UserDataSource.swift */,
			);
			path = Model;
			sourceTree = "<group>";
		};
		16FAA3CF1FEFA46700696292 /* Main */ = {
			isa = PBXGroup;
			children = (
				16FAA3D01FEFA47300696292 /* Segue.swift */,
			);
			path = Main;
			sourceTree = "<group>";
		};
		16FAA3D21FEFCD0200696292 /* Controller */ = {
			isa = PBXGroup;
			children = (
				16FAA3D31FEFCD2200696292 /* ScanViewController.swift */,
				16FAA3D81FEFD40C00696292 /* SalesViewController.swift */,
			);
			path = Controller;
			sourceTree = "<group>";
		};
		16FAA3DA1FEFE03000696292 /* API */ = {
			isa = PBXGroup;
			children = (
				16FAA3DB1FEFE05900696292 /* googleDataSource.swift */,
			);
			path = API;
			sourceTree = "<group>";
		};
		16FAA3DF1FEFE11F00696292 /* Model */ = {
			isa = PBXGroup;
			children = (
				16FAA3DD1FEFE11C00696292 /* Books.swift */,
			);
			path = Model;
			sourceTree = "<group>";
		};
/* End PBXGroup section */

/* Begin PBXNativeTarget section */
		16FAA3A51FEF894A00696292 /* iBooks */ = {
			isa = PBXNativeTarget;
			buildConfigurationList = 16FAA3B81FEF894A00696292 /* Build configuration list for PBXNativeTarget "iBooks" */;
			buildPhases = (
				16FAA3A21FEF894A00696292 /* Sources */,
				16FAA3A31FEF894A00696292 /* Frameworks */,
				16FAA3A41FEF894A00696292 /* Resources */,
			);
			buildRules = (
			);
			dependencies = (
			);
			name = iBooks;
			productName = iBooks;
			productReference = 16FAA3A61FEF894A00696292 /* iBooks.app */;
			productType = "com.apple.product-type.application";
		};
/* End PBXNativeTarget section */

/* Begin PBXProject section */
		16FAA39E1FEF894A00696292 /* Project object */ = {
			isa = PBXProject;
			attributes = {
				LastSwiftUpdateCheck = 0920;
				LastUpgradeCheck = 0920;
				ORGANIZATIONNAME = "Chase Choi";
				TargetAttributes = {
					16FAA3A51FEF894A00696292 = {
						CreatedOnToolsVersion = 9.2;
						ProvisioningStyle = Automatic;
					};
				};
			};
			buildConfigurationList = 16FAA3A11FEF894A00696292 /* Build configuration list for PBXProject "iBooks" */;
			compatibilityVersion = "Xcode 8.0";
			developmentRegion = en;
			hasScannedForEncodings = 0;
			knownRegions = (
				en,
				Base,
			);
			mainGroup = 16FAA39D1FEF894A00696292;
			productRefGroup = 16FAA3A71FEF894A00696292 /* Products */;
			projectDirPath = "";
			projectRoot = "";
			targets = (
				16FAA3A51FEF894A00696292 /* iBooks */,
			);
		};
/* End PBXProject section */

/* Begin PBXResourcesBuildPhase section */
		16FAA3A41FEF894A00696292 /* Resources */ = {
			isa = PBXResourcesBuildPhase;
			buildActionMask = 2147483647;
			files = (
				16FAA3B41FEF894A00696292 /* LaunchScreen.storyboard in Resources */,
				16FAA3C61FEF8FFD00696292 /* User.storyboard in Resources */,
				16FAA3B11FEF894A00696292 /* Assets.xcassets in Resources */,
				16FAA3AF1FEF894A00696292 /* Main.storyboard in Resources */,
				1623F02A1FF38F92006224D9 /* Admin.storyboard in Resources */,
				16FAA3D71FEFD02400696292 /* Sales.storyboard in Resources */,
			);
			runOnlyForDeploymentPostprocessing = 0;
		};
/* End PBXResourcesBuildPhase section */

/* Begin PBXSourcesBuildPhase section */
		16FAA3A21FEF894A00696292 /* Sources */ = {
			isa = PBXSourcesBuildPhase;
			buildActionMask = 2147483647;
			files = (
				16FAA3C31FEF8FE100696292 /* UserCell.swift in Sources */,
				16FAA3D91FEFD40C00696292 /* SalesViewController.swift in Sources */,
				16FAA3CE1FEF9FBE00696292 /* AddUserViewController.swift in Sources */,
				16FAA3DE1FEFE11C00696292 /* Books.swift in Sources */,
				1623F02C1FF3937B006224D9 /* InputTextField.swift in Sources */,
				16FAA3DC1FEFE05900696292 /* googleDataSource.swift in Sources */,
				16FAA3CA1FEF933C00696292 /* UsersListViewController.swift in Sources */,
				16FAA3AA1FEF894A00696292 /* AppDelegate.swift in Sources */,
				16CA5CED1FF39E7000784A2A /* AdminViewController.swift in Sources */,
				16FAA3CC1FEF94E100696292 /* UserDataSource.swift in Sources */,
				16FAA3D11FEFA47300696292 /* Segue.swift in Sources */,
				16FAA3C81FEF926F00696292 /* User.swift in Sources */,
				16FAA3D41FEFCD2200696292 /* ScanViewController.swift in Sources */,
			);
			runOnlyForDeploymentPostprocessing = 0;
		};
/* End PBXSourcesBuildPhase section */

/* Begin PBXVariantGroup section */
		1623F0281FF38F92006224D9 /* Admin.storyboard */ = {
			isa = PBXVariantGroup;
			children = (
				1623F0291FF38F92006224D9 /* Base */,
			);
			name = Admin.storyboard;
			sourceTree = "<group>";
		};
		16FAA3AD1FEF894A00696292 /* Main.storyboard */ = {
			isa = PBXVariantGroup;
			children = (
				16FAA3AE1FEF894A00696292 /* Base */,
			);
			name = Main.storyboard;
			sourceTree = "<group>";
		};
		16FAA3B21FEF894A00696292 /* LaunchScreen.storyboard */ = {
			isa = PBXVariantGroup;
			children = (
				16FAA3B31FEF894A00696292 /* Base */,
			);
			name = LaunchScreen.storyboard;
			sourceTree = "<group>";
		};
		16FAA3C41FEF8FFD00696292 /* User.storyboard */ = {
			isa = PBXVariantGroup;
			children = (
				16FAA3C51FEF8FFD00696292 /* Base */,
			);
			name = User.storyboard;
			sourceTree = "<group>";
		};
		16FAA3D51FEFD02400696292 /* Sales.storyboard */ = {
			isa = PBXVariantGroup;
			children = (
				16FAA3D61FEFD02400696292 /* Base */,
			);
			name = Sales.storyboard;
			sourceTree = "<group>";
		};
/* End PBXVariantGroup section */

/* Begin XCBuildConfiguration section */
		16FAA3B61FEF894A00696292 /* Debug */ = {
			isa = XCBuildConfiguration;
			buildSettings = {
				ALWAYS_SEARCH_USER_PATHS = NO;
				CLANG_ANALYZER_NONNULL = YES;
				CLANG_ANALYZER_NUMBER_OBJECT_CONVERSION = YES_AGGRESSIVE;
				CLANG_CXX_LANGUAGE_STANDARD = "gnu++14";
				CLANG_CXX_LIBRARY = "libc++";
				CLANG_ENABLE_MODULES = YES;
				CLANG_ENABLE_OBJC_ARC = YES;
				CLANG_WARN_BLOCK_CAPTURE_AUTORELEASING = YES;
				CLANG_WARN_BOOL_CONVERSION = YES;
				CLANG_WARN_COMMA = YES;
				CLANG_WARN_CONSTANT_CONVERSION = YES;
				CLANG_WARN_DIRECT_OBJC_ISA_USAGE = YES_ERROR;
				CLANG_WARN_DOCUMENTATION_COMMENTS = YES;
				CLANG_WARN_EMPTY_BODY = YES;
				CLANG_WARN_ENUM_CONVERSION = YES;
				CLANG_WARN_INFINITE_RECURSION = YES;
				CLANG_WARN_INT_CONVERSION = YES;
				CLANG_WARN_NON_LITERAL_NULL_CONVERSION = YES;
				CLANG_WARN_OBJC_LITERAL_CONVERSION = YES;
				CLANG_WARN_OBJC_ROOT_CLASS = YES_ERROR;
				CLANG_WARN_RANGE_LOOP_ANALYSIS = YES;
				CLANG_WARN_STRICT_PROTOTYPES = YES;
				CLANG_WARN_SUSPICIOUS_MOVE = YES;
				CLANG_WARN_UNGUARDED_AVAILABILITY = YES_AGGRESSIVE;
				CLANG_WARN_UNREACHABLE_CODE = YES;
				CLANG_WARN__DUPLICATE_METHOD_MATCH = YES;
				CODE_SIGN_IDENTITY = "iPhone Developer";
				COPY_PHASE_STRIP = NO;
				DEBUG_INFORMATION_FORMAT = dwarf;
				ENABLE_STRICT_OBJC_MSGSEND = YES;
				ENABLE_TESTABILITY = YES;
				GCC_C_LANGUAGE_STANDARD = gnu11;
				GCC_DYNAMIC_NO_PIC = NO;
				GCC_NO_COMMON_BLOCKS = YES;
				GCC_OPTIMIZATION_LEVEL = 0;
				GCC_PREPROCESSOR_DEFINITIONS = (
					"DEBUG=1",
					"$(inherited)",
				);
				GCC_WARN_64_TO_32_BIT_CONVERSION = YES;
				GCC_WARN_ABOUT_RETURN_TYPE = YES_ERROR;
				GCC_WARN_UNDECLARED_SELECTOR = YES;
				GCC_WARN_UNINITIALIZED_AUTOS = YES_AGGRESSIVE;
				GCC_WARN_UNUSED_FUNCTION = YES;
				GCC_WARN_UNUSED_VARIABLE = YES;
				IPHONEOS_DEPLOYMENT_TARGET = 11.2;
				MTL_ENABLE_DEBUG_INFO = YES;
				ONLY_ACTIVE_ARCH = YES;
				SDKROOT = iphoneos;
				SWIFT_ACTIVE_COMPILATION_CONDITIONS = DEBUG;
				SWIFT_OPTIMIZATION_LEVEL = "-Onone";
			};
			name = Debug;
		};
		16FAA3B71FEF894A00696292 /* Release */ = {
			isa = XCBuildConfiguration;
			buildSettings = {
				ALWAYS_SEARCH_USER_PATHS = NO;
				CLANG_ANALYZER_NONNULL = YES;
				CLANG_ANALYZER_NUMBER_OBJECT_CONVERSION = YES_AGGRESSIVE;
				CLANG_CXX_LANGUAGE_STANDARD = "gnu++14";
				CLANG_CXX_LIBRARY = "libc++";
				CLANG_ENABLE_MODULES = YES;
				CLANG_ENABLE_OBJC_ARC = YES;
				CLANG_WARN_BLOCK_CAPTURE_AUTORELEASING = YES;
				CLANG_WARN_BOOL_CONVERSION = YES;
				CLANG_WARN_COMMA = YES;
				CLANG_WARN_CONSTANT_CONVERSION = YES;
				CLANG_WARN_DIRECT_OBJC_ISA_USAGE = YES_ERROR;
				CLANG_WARN_DOCUMENTATION_COMMENTS = YES;
				CLANG_WARN_EMPTY_BODY = YES;
				CLANG_WARN_ENUM_CONVERSION = YES;
				CLANG_WARN_INFINITE_RECURSION = YES;
				CLANG_WARN_INT_CONVERSION = YES;
				CLANG_WARN_NON_LITERAL_NULL_CONVERSION = YES;
				CLANG_WARN_OBJC_LITERAL_CONVERSION = YES;
				CLANG_WARN_OBJC_ROOT_CLASS = YES_ERROR;
				CLANG_WARN_RANGE_LOOP_ANALYSIS = YES;
				CLANG_WARN_STRICT_PROTOTYPES = YES;
				CLANG_WARN_SUSPICIOUS_MOVE = YES;
				CLANG_WARN_UNGUARDED_AVAILABILITY = YES_AGGRESSIVE;
				CLANG_WARN_UNREACHABLE_CODE = YES;
				CLANG_WARN__DUPLICATE_METHOD_MATCH = YES;
				CODE_SIGN_IDENTITY = "iPhone Developer";
				COPY_PHASE_STRIP = NO;
				DEBUG_INFORMATION_FORMAT = "dwarf-with-dsym";
				ENABLE_NS_ASSERTIONS = NO;
				ENABLE_STRICT_OBJC_MSGSEND = YES;
				GCC_C_LANGUAGE_STANDARD = gnu11;
				GCC_NO_COMMON_BLOCKS = YES;
				GCC_WARN_64_TO_32_BIT_CONVERSION = YES;
				GCC_WARN_ABOUT_RETURN_TYPE = YES_ERROR;
				GCC_WARN_UNDECLARED_SELECTOR = YES;
				GCC_WARN_UNINITIALIZED_AUTOS = YES_AGGRESSIVE;
				GCC_WARN_UNUSED_FUNCTION = YES;
				GCC_WARN_UNUSED_VARIABLE = YES;
				IPHONEOS_DEPLOYMENT_TARGET = 11.2;
				MTL_ENABLE_DEBUG_INFO = NO;
				SDKROOT = iphoneos;
				SWIFT_OPTIMIZATION_LEVEL = "-Owholemodule";
				VALIDATE_PRODUCT = YES;
			};
			name = Release;
		};
		16FAA3B91FEF894A00696292 /* Debug */ = {
			isa = XCBuildConfiguration;
			buildSettings = {
				ASSETCATALOG_COMPILER_APPICON_NAME = AppIcon;
				CODE_SIGN_STYLE = Automatic;
				DEVELOPMENT_TEAM = E9875RFG2Y;
				INFOPLIST_FILE = iBooks/Info.plist;
				IPHONEOS_DEPLOYMENT_TARGET = 10.3;
				LD_RUNPATH_SEARCH_PATHS = "$(inherited) @executable_path/Frameworks";
				PRODUCT_BUNDLE_IDENTIFIER = ChaseStudio.iBooks;
				PRODUCT_NAME = "$(TARGET_NAME)";
				SWIFT_VERSION = 4.0;
				TARGETED_DEVICE_FAMILY = 1;
			};
			name = Debug;
		};
		16FAA3BA1FEF894A00696292 /* Release */ = {
			isa = XCBuildConfiguration;
			buildSettings = {
				ASSETCATALOG_COMPILER_APPICON_NAME = AppIcon;
				CODE_SIGN_STYLE = Automatic;
				DEVELOPMENT_TEAM = E9875RFG2Y;
				INFOPLIST_FILE = iBooks/Info.plist;
				IPHONEOS_DEPLOYMENT_TARGET = 10.3;
				LD_RUNPATH_SEARCH_PATHS = "$(inherited) @executable_path/Frameworks";
				PRODUCT_BUNDLE_IDENTIFIER = ChaseStudio.iBooks;
				PRODUCT_NAME = "$(TARGET_NAME)";
				SWIFT_VERSION = 4.0;
				TARGETED_DEVICE_FAMILY = 1;
			};
			name = Release;
		};
/* End XCBuildConfiguration section */

/* Begin XCConfigurationList section */
		16FAA3A11FEF894A00696292 /* Build configuration list for PBXProject "iBooks" */ = {
			isa = XCConfigurationList;
			buildConfigurations = (
				16FAA3B61FEF894A00696292 /* Debug */,
				16FAA3B71FEF894A00696292 /* Release */,
			);
			defaultConfigurationIsVisible = 0;
			defaultConfigurationName = Release;
		};
		16FAA3B81FEF894A00696292 /* Build configuration list for PBXNativeTarget "iBooks" */ = {
			isa = XCConfigurationList;
			buildConfigurations = (
				16FAA3B91FEF894A00696292 /* Debug */,
				16FAA3BA1FEF894A00696292 /* Release */,
			);
			defaultConfigurationIsVisible = 0;
			defaultConfigurationName = Release;
		};
/* End XCConfigurationList section */
	};
	rootObject = 16FAA39E1FEF894A00696292 /* Project object */;
}
